
Microsoft Visual Studio Solution File, Format Version 12.00
# Visual Studio Version 16
VisualStudioVersion = 16.0.31321.278
MinimumVisualStudioVersion = 10.0.40219.1
Project("{2150E333-8FDC-42A3-9474-1A3956D46DE8}") = "ChallengeOne", "ChallengeOne", "{A1D16141-E417-462D-BF43-988FE33052D3}"
EndProject
Project("{2150E333-8FDC-42A3-9474-1A3956D46DE8}") = "ChallengeTwo", "ChallengeTwo", "{47580486-027C-4586-8118-8B654B40D22F}"
EndProject
Project("{FAE04EC0-301F-11D3-BF4B-00C04F79EFBC}") = "01_Cafe", "01_Cafe\01_Cafe.csproj", "{793162BB-6E3C-405C-9D04-86A1C2017A68}"
EndProject
Project("{FAE04EC0-301F-11D3-BF4B-00C04F79EFBC}") = "01_CafeUI", "01_CafeUI\01_CafeUI.csproj", "{B886C5D8-6F4B-4D3C-8785-AF472A7EABD1}"
EndProject
Project("{FAE04EC0-301F-11D3-BF4B-00C04F79EFBC}") = "01_CafeTest", "01_CafeTest\01_CafeTest.csproj", "{C4A31624-ADBC-4F2B-B913-A3137E2D6A12}"
EndProject
Project("{FAE04EC0-301F-11D3-BF4B-00C04F79EFBC}") = "02_Claims", "02_Claims\02_Claims.csproj", "{FA3250C3-D802-4E8A-94A4-F9D90A56AAC4}"
EndProject
Project("{FAE04EC0-301F-11D3-BF4B-00C04F79EFBC}") = "02_ClaimsTest", "02_ClaimsTest\02_ClaimsTest.csproj", "{DA072253-CB19-4768-91A1-B409A8BED7C9}"
EndProject
Project("{FAE04EC0-301F-11D3-BF4B-00C04F79EFBC}") = "02_ClaimsUI", "02_ClaimsUI\02_ClaimsUI.csproj", "{924B3917-0FC6-4CBE-A8ED-FA32F813D0A8}"
EndProject
Project("{2150E333-8FDC-42A3-9474-1A3956D46DE8}") = "ChallengeThree", "ChallengeThree", "{31D13808-F44B-46B0-8AA2-71672B372268}"
EndProject
Project("{FAE04EC0-301F-11D3-BF4B-00C04F79EFBC}") = "03_Badges", "03_Badges\03_Badges.csproj", "{2B243CBD-4A9B-4F38-A2D2-964B0C881FC8}"
EndProject
Project("{FAE04EC0-301F-11D3-BF4B-00C04F79EFBC}") = "03_BadgesTest", "03_BadgesTest\03_BadgesTest.csproj", "{6D5CA99A-A8A7-47D4-A23F-98EE9CB3DAD2}"
EndProject
Project("{FAE04EC0-301F-11D3-BF4B-00C04F79EFBC}") = "03_BadgesUI", "03_BadgesUI\03_BadgesUI.csproj", "{FF488527-2585-4D9D-BB0B-026786D363E8}"
EndProject
Global
	GlobalSection(SolutionConfigurationPlatforms) = preSolution
		Debug|Any CPU = Debug|Any CPU
		Release|Any CPU = Release|Any CPU
	EndGlobalSection
	GlobalSection(ProjectConfigurationPlatforms) = postSolution
		{793162BB-6E3C-405C-9D04-86A1C2017A68}.Debug|Any CPU.ActiveCfg = Debug|Any CPU
		{793162BB-6E3C-405C-9D04-86A1C2017A68}.Debug|Any CPU.Build.0 = Debug|Any CPU
		{793162BB-6E3C-405C-9D04-86A1C2017A68}.Release|Any CPU.ActiveCfg = Release|Any CPU
		{793162BB-6E3C-405C-9D04-86A1C2017A68}.Release|Any CPU.Build.0 = Release|Any CPU
		{B886C5D8-6F4B-4D3C-8785-AF472A7EABD1}.Debug|Any CPU.ActiveCfg = Debug|Any CPU
		{B886C5D8-6F4B-4D3C-8785-AF472A7EABD1}.Debug|Any CPU.Build.0 = Debug|Any CPU
		{B886C5D8-6F4B-4D3C-8785-AF472A7EABD1}.Release|Any CPU.ActiveCfg = Release|Any CPU
		{B886C5D8-6F4B-4D3C-8785-AF472A7EABD1}.Release|Any CPU.Build.0 = Release|Any CPU
		{C4A31624-ADBC-4F2B-B913-A3137E2D6A12}.Debug|Any CPU.ActiveCfg = Debug|Any CPU
		{C4A31624-ADBC-4F2B-B913-A3137E2D6A12}.Debug|Any CPU.Build.0 = Debug|Any CPU
		{C4A31624-ADBC-4F2B-B913-A3137E2D6A12}.Release|Any CPU.ActiveCfg = Release|Any CPU
		{C4A31624-ADBC-4F2B-B913-A3137E2D6A12}.Release|Any CPU.Build.0 = Release|Any CPU
		{FA3250C3-D802-4E8A-94A4-F9D90A56AAC4}.Debug|Any CPU.ActiveCfg = Debug|Any CPU
		{FA3250C3-D802-4E8A-94A4-F9D90A56AAC4}.Debug|Any CPU.Build.0 = Debug|Any CPU
		{FA3250C3-D802-4E8A-94A4-F9D90A56AAC4}.Release|Any CPU.ActiveCfg = Release|Any CPU
		{FA3250C3-D802-4E8A-94A4-F9D90A56AAC4}.Release|Any CPU.Build.0 = Release|Any CPU
		{DA072253-CB19-4768-91A1-B409A8BED7C9}.Debug|Any CPU.ActiveCfg = Debug|Any CPU
		{DA072253-CB19-4768-91A1-B409A8BED7C9}.Debug|Any CPU.Build.0 = Debug|Any CPU
		{DA072253-CB19-4768-91A1-B409A8BED7C9}.Release|Any CPU.ActiveCfg = Release|Any CPU
		{DA072253-CB19-4768-91A1-B409A8BED7C9}.Release|Any CPU.Build.0 = Release|Any CPU
		{924B3917-0FC6-4CBE-A8ED-FA32F813D0A8}.Debug|Any CPU.ActiveCfg = Debug|Any CPU
		{924B3917-0FC6-4CBE-A8ED-FA32F813D0A8}.Debug|Any CPU.Build.0 = Debug|Any CPU
		{924B3917-0FC6-4CBE-A8ED-FA32F813D0A8}.Release|Any CPU.ActiveCfg = Release|Any CPU
		{924B3917-0FC6-4CBE-A8ED-FA32F813D0A8}.Release|Any CPU.Build.0 = Release|Any CPU
		{2B243CBD-4A9B-4F38-A2D2-964B0C881FC8}.Debug|Any CPU.ActiveCfg = Debug|Any CPU
		{2B243CBD-4A9B-4F38-A2D2-964B0C881FC8}.Debug|Any CPU.Build.0 = Debug|Any CPU
		{2B243CBD-4A9B-4F38-A2D2-964B0C881FC8}.Release|Any CPU.ActiveCfg = Release|Any CPU
		{2B243CBD-4A9B-4F38-A2D2-964B0C881FC8}.Release|Any CPU.Build.0 = Release|Any CPU
		{6D5CA99A-A8A7-47D4-A23F-98EE9CB3DAD2}.Debug|Any CPU.ActiveCfg = Debug|Any CPU
		{6D5CA99A-A8A7-47D4-A23F-98EE9CB3DAD2}.Debug|Any CPU.Build.0 = Debug|Any CPU
		{6D5CA99A-A8A7-47D4-A23F-98EE9CB3DAD2}.Release|Any CPU.ActiveCfg = Release|Any CPU
		{6D5CA99A-A8A7-47D4-A23F-98EE9CB3DAD2}.Release|Any CPU.Build.0 = Release|Any CPU
		{FF488527-2585-4D9D-BB0B-026786D363E8}.Debug|Any CPU.ActiveCfg = Debug|Any CPU
		{FF488527-2585-4D9D-BB0B-026786D363E8}.Debug|Any CPU.Build.0 = Debug|Any CPU
		{FF488527-2585-4D9D-BB0B-026786D363E8}.Release|Any CPU.ActiveCfg = Release|Any CPU
		{FF488527-2585-4D9D-BB0B-026786D363E8}.Release|Any CPU.Build.0 = Release|Any CPU
	EndGlobalSection
	GlobalSection(SolutionProperties) = preSolution
		HideSolutionNode = FALSE
	EndGlobalSection
	GlobalSection(NestedProjects) = preSolution
		{793162BB-6E3C-405C-9D04-86A1C2017A68} = {A1D16141-E417-462D-BF43-988FE33052D3}
		{B886C5D8-6F4B-4D3C-8785-AF472A7EABD1} = {A1D16141-E417-462D-BF43-988FE33052D3}
		{C4A31624-ADBC-4F2B-B913-A3137E2D6A12} = {A1D16141-E417-462D-BF43-988FE33052D3}
		{FA3250C3-D802-4E8A-94A4-F9D90A56AAC4} = {47580486-027C-4586-8118-8B654B40D22F}
		{DA072253-CB19-4768-91A1-B409A8BED7C9} = {47580486-027C-4586-8118-8B654B40D22F}
		{924B3917-0FC6-4CBE-A8ED-FA32F813D0A8} = {47580486-027C-4586-8118-8B654B40D22F}
		{2B243CBD-4A9B-4F38-A2D2-964B0C881FC8} = {31D13808-F44B-46B0-8AA2-71672B372268}
		{6D5CA99A-A8A7-47D4-A23F-98EE9CB3DAD2} = {31D13808-F44B-46B0-8AA2-71672B372268}
		{FF488527-2585-4D9D-BB0B-026786D363E8} = {31D13808-F44B-46B0-8AA2-71672B372268}
	EndGlobalSection
	GlobalSection(ExtensibilityGlobals) = postSolution
		SolutionGuid = {604B3EA9-AE50-445C-8BE4-4DAF080E9F20}
	EndGlobalSection
EndGlobal
